
Microsoft Visual Studio Solution File, Format Version 12.00
# Visual Studio Version 17
VisualStudioVersion = 17.0.32014.148
MinimumVisualStudioVersion = 10.0.40219.1
Project("{2150E333-8FDC-42A3-9474-1A3956D46DE8}") = "NewsManagement", "NewsManagement", "{BF51651D-0EC5-4336-ADA0-BD007EAA0157}"
EndProject
Project("{2150E333-8FDC-42A3-9474-1A3956D46DE8}") = "NM.Application", "NM.Application", "{B48D0004-C632-442A-B409-D26CB1D7714E}"
EndProject
Project("{2150E333-8FDC-42A3-9474-1A3956D46DE8}") = "NM.Domain", "NM.Domain", "{5DADB461-E9F5-47F7-BEA1-20A30BB616BD}"
EndProject
Project("{2150E333-8FDC-42A3-9474-1A3956D46DE8}") = "NM.Infrastructure.Configuration", "NM.Infrastructure.Configuration", "{997C0397-6614-4924-8E5F-3859191B84DB}"
EndProject
Project("{2150E333-8FDC-42A3-9474-1A3956D46DE8}") = "NM.Infrastructure.EFCore", "NM.Infrastructure.EFCore", "{8D356B8C-EB00-4591-9405-5652C112D6A8}"
EndProject
Project("{9A19103F-16F7-4668-BE54-9A1E7A4F7556}") = "NewsManagement.Application.Contract", "NewsManagement.Application.Contract\NewsManagement.Application.Contract.csproj", "{93653216-832A-40F1-A8EF-495D9ECE28EC}"
EndProject
Project("{9A19103F-16F7-4668-BE54-9A1E7A4F7556}") = "NewsManagement.Application", "NewsManagement.Application\NewsManagement.Application.csproj", "{D9695E1B-831A-480E-94ED-DDDADEEBD788}"
EndProject
Project("{9A19103F-16F7-4668-BE54-9A1E7A4F7556}") = "NewsManagement.Domain", "NewsManagement.Domain\NewsManagement.Domain.csproj", "{905EDFDA-1442-4CAC-9CC8-999E4C2E6B06}"
EndProject
Project("{9A19103F-16F7-4668-BE54-9A1E7A4F7556}") = "NewsManagement.Infrastructure.Configuration", "NewsManagement.Configuration\NewsManagement.Infrastructure.Configuration.csproj", "{2E64FCC9-F4EA-40D0-B159-827DEDA8C4D7}"
EndProject
Project("{9A19103F-16F7-4668-BE54-9A1E7A4F7556}") = "NewsManagement.Infrastructure.EFCore", "NewsManagement.Infrastructure.EFCore\NewsManagement.Infrastructure.EFCore.csproj", "{1456A82A-4CC6-4568-90D4-417F4C53975D}"
EndProject
Project("{9A19103F-16F7-4668-BE54-9A1E7A4F7556}") = "ServiceHost", "ServiceHost\ServiceHost.csproj", "{8E926B29-1CFF-4D18-973B-3CF10DE4F307}"
EndProject
Project("{9A19103F-16F7-4668-BE54-9A1E7A4F7556}") = "0_FrameWork", "0_FrameWork\0_FrameWork.csproj", "{0316E0C2-7B77-4ABC-A93C-FEB66537272F}"
EndProject
Project("{9A19103F-16F7-4668-BE54-9A1E7A4F7556}") = "01_NewsProjectQuery", "01_NewsProjectQuery\01_NewsProjectQuery.csproj", "{64428FDB-D396-4D9A-857E-64216574A075}"
EndProject
Project("{2150E333-8FDC-42A3-9474-1A3956D46DE8}") = "CommentManagement", "CommentManagement", "{668B70E6-732E-4635-898A-642707C7205E}"
EndProject
Project("{2150E333-8FDC-42A3-9474-1A3956D46DE8}") = "CM.Domain", "CM.Domain", "{7A0C9316-0343-42D6-8C47-B52D0E9F9951}"
EndProject
Project("{9A19103F-16F7-4668-BE54-9A1E7A4F7556}") = "CommentManagement.Domain", "CommentManagement.Domain\CommentManagement.Domain.csproj", "{6CA13BB4-1B7E-4C29-890E-EB95A41197E1}"
EndProject
Project("{2150E333-8FDC-42A3-9474-1A3956D46DE8}") = "CM.Application", "CM.Application", "{6A0FA653-7530-4CA0-B698-AC52BE8A4DC2}"
EndProject
Project("{2150E333-8FDC-42A3-9474-1A3956D46DE8}") = "CM.Infrastructure.EFCore", "CM.Infrastructure.EFCore", "{950D273C-4B82-4B7C-8D0F-78941FB19591}"
EndProject
Project("{2150E333-8FDC-42A3-9474-1A3956D46DE8}") = "CM.Infrastructure.Configuration", "CM.Infrastructure.Configuration", "{B6317961-8FED-4721-8880-A778D7827504}"
EndProject
Project("{9A19103F-16F7-4668-BE54-9A1E7A4F7556}") = "CommentManagement.Application.Contracts", "CommentManagement.Application.Contracts\CommentManagement.Application.Contracts.csproj", "{C01B348F-E1D4-4C35-B7C5-C8E647EEEAB0}"
EndProject
Project("{9A19103F-16F7-4668-BE54-9A1E7A4F7556}") = "CommentManagement.Application", "CommentManagement.Application\CommentManagement.Application.csproj", "{C734B086-61C8-4E32-AD09-401117ECAFB3}"
EndProject
Project("{9A19103F-16F7-4668-BE54-9A1E7A4F7556}") = "CommentManagment.Infrastructure.EFCore", "CommentManagment.Infrastructure.EFCore\CommentManagment.Infrastructure.EFCore.csproj", "{91A55765-0CDD-424D-8E83-A3F1E9BFEB1F}"
EndProject
Project("{9A19103F-16F7-4668-BE54-9A1E7A4F7556}") = "CommentManagment.Infrastructure.Configuration", "CommentManagment.Infrastructure.Configuration\CommentManagment.Infrastructure.Configuration.csproj", "{8773B5F4-66CE-4093-B89C-98F85FCC8592}"
EndProject
Project("{2150E333-8FDC-42A3-9474-1A3956D46DE8}") = "AccountManagement", "AccountManagement", "{2C03C0DB-F44B-4AA2-AD09-B11880F71D88}"
EndProject
Project("{2150E333-8FDC-42A3-9474-1A3956D46DE8}") = "AM.Domain", "AM.Domain", "{04752595-4ED4-41D4-8F0C-D093DB366C44}"
EndProject
Project("{2150E333-8FDC-42A3-9474-1A3956D46DE8}") = "AM.Application", "AM.Application", "{36097BC4-DE35-4AC0-AEAE-239438B0C8C0}"
EndProject
Project("{2150E333-8FDC-42A3-9474-1A3956D46DE8}") = "AM.Infrastructure.EFCore", "AM.Infrastructure.EFCore", "{B1CB7A91-6CD8-4A33-A604-F6A8049E6ADE}"
EndProject
Project("{2150E333-8FDC-42A3-9474-1A3956D46DE8}") = "AM.Infrastructure.Configuration", "AM.Infrastructure.Configuration", "{E1F3DA6B-4295-4EE2-A720-0BE9900D85CC}"
EndProject
Project("{9A19103F-16F7-4668-BE54-9A1E7A4F7556}") = "AccountManagement.Domain", "AccountManagement.Domain\AccountManagement.Domain.csproj", "{00B39CE8-2A14-4284-8BD5-B9C89F3BD6CF}"
EndProject
Project("{9A19103F-16F7-4668-BE54-9A1E7A4F7556}") = "AccountManagement.Application.Contracts", "AccountManagement.Application.Contracts\AccountManagement.Application.Contracts.csproj", "{44EC9E65-FFD2-4C1E-8DAD-1BAC4551DA43}"
EndProject
Project("{9A19103F-16F7-4668-BE54-9A1E7A4F7556}") = "AccountManagement.Application", "AccountManagement.Application\AccountManagement.Application.csproj", "{6CE94E54-A342-40FC-8F5F-382449F80C70}"
EndProject
Project("{9A19103F-16F7-4668-BE54-9A1E7A4F7556}") = "AccountMangement.Infrastructure.EFCore", "AccountMangement.Infrastructure.EFCore\AccountMangement.Infrastructure.EFCore.csproj", "{86792682-05BB-4A20-9045-71EAC2CDD011}"
EndProject
Project("{9A19103F-16F7-4668-BE54-9A1E7A4F7556}") = "AccountMangement.Infrastructure.Configuration", "AccountMangement.Infrastructure.Configuration\AccountMangement.Infrastructure.Configuration.csproj", "{30DE97DE-6BE7-469C-A386-8CDD6888F946}"
EndProject
Global
	GlobalSection(SolutionConfigurationPlatforms) = preSolution
		Debug|Any CPU = Debug|Any CPU
		Release|Any CPU = Release|Any CPU
	EndGlobalSection
	GlobalSection(ProjectConfigurationPlatforms) = postSolution
		{93653216-832A-40F1-A8EF-495D9ECE28EC}.Debug|Any CPU.ActiveCfg = Debug|Any CPU
		{93653216-832A-40F1-A8EF-495D9ECE28EC}.Debug|Any CPU.Build.0 = Debug|Any CPU
		{93653216-832A-40F1-A8EF-495D9ECE28EC}.Release|Any CPU.ActiveCfg = Release|Any CPU
		{93653216-832A-40F1-A8EF-495D9ECE28EC}.Release|Any CPU.Build.0 = Release|Any CPU
		{D9695E1B-831A-480E-94ED-DDDADEEBD788}.Debug|Any CPU.ActiveCfg = Debug|Any CPU
		{D9695E1B-831A-480E-94ED-DDDADEEBD788}.Debug|Any CPU.Build.0 = Debug|Any CPU
		{D9695E1B-831A-480E-94ED-DDDADEEBD788}.Release|Any CPU.ActiveCfg = Release|Any CPU
		{D9695E1B-831A-480E-94ED-DDDADEEBD788}.Release|Any CPU.Build.0 = Release|Any CPU
		{905EDFDA-1442-4CAC-9CC8-999E4C2E6B06}.Debug|Any CPU.ActiveCfg = Debug|Any CPU
		{905EDFDA-1442-4CAC-9CC8-999E4C2E6B06}.Debug|Any CPU.Build.0 = Debug|Any CPU
		{905EDFDA-1442-4CAC-9CC8-999E4C2E6B06}.Release|Any CPU.ActiveCfg = Release|Any CPU
		{905EDFDA-1442-4CAC-9CC8-999E4C2E6B06}.Release|Any CPU.Build.0 = Release|Any CPU
		{2E64FCC9-F4EA-40D0-B159-827DEDA8C4D7}.Debug|Any CPU.ActiveCfg = Debug|Any CPU
		{2E64FCC9-F4EA-40D0-B159-827DEDA8C4D7}.Debug|Any CPU.Build.0 = Debug|Any CPU
		{2E64FCC9-F4EA-40D0-B159-827DEDA8C4D7}.Release|Any CPU.ActiveCfg = Release|Any CPU
		{2E64FCC9-F4EA-40D0-B159-827DEDA8C4D7}.Release|Any CPU.Build.0 = Release|Any CPU
		{1456A82A-4CC6-4568-90D4-417F4C53975D}.Debug|Any CPU.ActiveCfg = Debug|Any CPU
		{1456A82A-4CC6-4568-90D4-417F4C53975D}.Debug|Any CPU.Build.0 = Debug|Any CPU
		{1456A82A-4CC6-4568-90D4-417F4C53975D}.Release|Any CPU.ActiveCfg = Release|Any CPU
		{1456A82A-4CC6-4568-90D4-417F4C53975D}.Release|Any CPU.Build.0 = Release|Any CPU
		{8E926B29-1CFF-4D18-973B-3CF10DE4F307}.Debug|Any CPU.ActiveCfg = Debug|Any CPU
		{8E926B29-1CFF-4D18-973B-3CF10DE4F307}.Debug|Any CPU.Build.0 = Debug|Any CPU
		{8E926B29-1CFF-4D18-973B-3CF10DE4F307}.Release|Any CPU.ActiveCfg = Release|Any CPU
		{8E926B29-1CFF-4D18-973B-3CF10DE4F307}.Release|Any CPU.Build.0 = Release|Any CPU
		{0316E0C2-7B77-4ABC-A93C-FEB66537272F}.Debug|Any CPU.ActiveCfg = Debug|Any CPU
		{0316E0C2-7B77-4ABC-A93C-FEB66537272F}.Debug|Any CPU.Build.0 = Debug|Any CPU
		{0316E0C2-7B77-4ABC-A93C-FEB66537272F}.Release|Any CPU.ActiveCfg = Release|Any CPU
		{0316E0C2-7B77-4ABC-A93C-FEB66537272F}.Release|Any CPU.Build.0 = Release|Any CPU
		{64428FDB-D396-4D9A-857E-64216574A075}.Debug|Any CPU.ActiveCfg = Debug|Any CPU
		{64428FDB-D396-4D9A-857E-64216574A075}.Debug|Any CPU.Build.0 = Debug|Any CPU
		{64428FDB-D396-4D9A-857E-64216574A075}.Release|Any CPU.ActiveCfg = Release|Any CPU
		{64428FDB-D396-4D9A-857E-64216574A075}.Release|Any CPU.Build.0 = Release|Any CPU
		{6CA13BB4-1B7E-4C29-890E-EB95A41197E1}.Debug|Any CPU.ActiveCfg = Debug|Any CPU
		{6CA13BB4-1B7E-4C29-890E-EB95A41197E1}.Debug|Any CPU.Build.0 = Debug|Any CPU
		{6CA13BB4-1B7E-4C29-890E-EB95A41197E1}.Release|Any CPU.ActiveCfg = Release|Any CPU
		{6CA13BB4-1B7E-4C29-890E-EB95A41197E1}.Release|Any CPU.Build.0 = Release|Any CPU
		{C01B348F-E1D4-4C35-B7C5-C8E647EEEAB0}.Debug|Any CPU.ActiveCfg = Debug|Any CPU
		{C01B348F-E1D4-4C35-B7C5-C8E647EEEAB0}.Debug|Any CPU.Build.0 = Debug|Any CPU
		{C01B348F-E1D4-4C35-B7C5-C8E647EEEAB0}.Release|Any CPU.ActiveCfg = Release|Any CPU
		{C01B348F-E1D4-4C35-B7C5-C8E647EEEAB0}.Release|Any CPU.Build.0 = Release|Any CPU
		{C734B086-61C8-4E32-AD09-401117ECAFB3}.Debug|Any CPU.ActiveCfg = Debug|Any CPU
		{C734B086-61C8-4E32-AD09-401117ECAFB3}.Debug|Any CPU.Build.0 = Debug|Any CPU
		{C734B086-61C8-4E32-AD09-401117ECAFB3}.Release|Any CPU.ActiveCfg = Release|Any CPU
		{C734B086-61C8-4E32-AD09-401117ECAFB3}.Release|Any CPU.Build.0 = Release|Any CPU
		{91A55765-0CDD-424D-8E83-A3F1E9BFEB1F}.Debug|Any CPU.ActiveCfg = Debug|Any CPU
		{91A55765-0CDD-424D-8E83-A3F1E9BFEB1F}.Debug|Any CPU.Build.0 = Debug|Any CPU
		{91A55765-0CDD-424D-8E83-A3F1E9BFEB1F}.Release|Any CPU.ActiveCfg = Release|Any CPU
		{91A55765-0CDD-424D-8E83-A3F1E9BFEB1F}.Release|Any CPU.Build.0 = Release|Any CPU
		{8773B5F4-66CE-4093-B89C-98F85FCC8592}.Debug|Any CPU.ActiveCfg = Debug|Any CPU
		{8773B5F4-66CE-4093-B89C-98F85FCC8592}.Debug|Any CPU.Build.0 = Debug|Any CPU
		{8773B5F4-66CE-4093-B89C-98F85FCC8592}.Release|Any CPU.ActiveCfg = Release|Any CPU
		{8773B5F4-66CE-4093-B89C-98F85FCC8592}.Release|Any CPU.Build.0 = Release|Any CPU
		{00B39CE8-2A14-4284-8BD5-B9C89F3BD6CF}.Debug|Any CPU.ActiveCfg = Debug|Any CPU
		{00B39CE8-2A14-4284-8BD5-B9C89F3BD6CF}.Debug|Any CPU.Build.0 = Debug|Any CPU
		{00B39CE8-2A14-4284-8BD5-B9C89F3BD6CF}.Release|Any CPU.ActiveCfg = Release|Any CPU
		{00B39CE8-2A14-4284-8BD5-B9C89F3BD6CF}.Release|Any CPU.Build.0 = Release|Any CPU
		{44EC9E65-FFD2-4C1E-8DAD-1BAC4551DA43}.Debug|Any CPU.ActiveCfg = Debug|Any CPU
		{44EC9E65-FFD2-4C1E-8DAD-1BAC4551DA43}.Debug|Any CPU.Build.0 = Debug|Any CPU
		{44EC9E65-FFD2-4C1E-8DAD-1BAC4551DA43}.Release|Any CPU.ActiveCfg = Release|Any CPU
		{44EC9E65-FFD2-4C1E-8DAD-1BAC4551DA43}.Release|Any CPU.Build.0 = Release|Any CPU
		{6CE94E54-A342-40FC-8F5F-382449F80C70}.Debug|Any CPU.ActiveCfg = Debug|Any CPU
		{6CE94E54-A342-40FC-8F5F-382449F80C70}.Debug|Any CPU.Build.0 = Debug|Any CPU
		{6CE94E54-A342-40FC-8F5F-382449F80C70}.Release|Any CPU.ActiveCfg = Release|Any CPU
		{6CE94E54-A342-40FC-8F5F-382449F80C70}.Release|Any CPU.Build.0 = Release|Any CPU
		{86792682-05BB-4A20-9045-71EAC2CDD011}.Debug|Any CPU.ActiveCfg = Debug|Any CPU
		{86792682-05BB-4A20-9045-71EAC2CDD011}.Debug|Any CPU.Build.0 = Debug|Any CPU
		{86792682-05BB-4A20-9045-71EAC2CDD011}.Release|Any CPU.ActiveCfg = Release|Any CPU
		{86792682-05BB-4A20-9045-71EAC2CDD011}.Release|Any CPU.Build.0 = Release|Any CPU
		{30DE97DE-6BE7-469C-A386-8CDD6888F946}.Debug|Any CPU.ActiveCfg = Debug|Any CPU
		{30DE97DE-6BE7-469C-A386-8CDD6888F946}.Debug|Any CPU.Build.0 = Debug|Any CPU
		{30DE97DE-6BE7-469C-A386-8CDD6888F946}.Release|Any CPU.ActiveCfg = Release|Any CPU
		{30DE97DE-6BE7-469C-A386-8CDD6888F946}.Release|Any CPU.Build.0 = Release|Any CPU
	EndGlobalSection
	GlobalSection(SolutionProperties) = preSolution
		HideSolutionNode = FALSE
	EndGlobalSection
	GlobalSection(NestedProjects) = preSolution
		{B48D0004-C632-442A-B409-D26CB1D7714E} = {BF51651D-0EC5-4336-ADA0-BD007EAA0157}
		{5DADB461-E9F5-47F7-BEA1-20A30BB616BD} = {BF51651D-0EC5-4336-ADA0-BD007EAA0157}
		{997C0397-6614-4924-8E5F-3859191B84DB} = {BF51651D-0EC5-4336-ADA0-BD007EAA0157}
		{8D356B8C-EB00-4591-9405-5652C112D6A8} = {BF51651D-0EC5-4336-ADA0-BD007EAA0157}
		{93653216-832A-40F1-A8EF-495D9ECE28EC} = {B48D0004-C632-442A-B409-D26CB1D7714E}
		{D9695E1B-831A-480E-94ED-DDDADEEBD788} = {B48D0004-C632-442A-B409-D26CB1D7714E}
		{905EDFDA-1442-4CAC-9CC8-999E4C2E6B06} = {5DADB461-E9F5-47F7-BEA1-20A30BB616BD}
		{2E64FCC9-F4EA-40D0-B159-827DEDA8C4D7} = {997C0397-6614-4924-8E5F-3859191B84DB}
		{1456A82A-4CC6-4568-90D4-417F4C53975D} = {8D356B8C-EB00-4591-9405-5652C112D6A8}
		{7A0C9316-0343-42D6-8C47-B52D0E9F9951} = {668B70E6-732E-4635-898A-642707C7205E}
		{6CA13BB4-1B7E-4C29-890E-EB95A41197E1} = {7A0C9316-0343-42D6-8C47-B52D0E9F9951}
		{6A0FA653-7530-4CA0-B698-AC52BE8A4DC2} = {668B70E6-732E-4635-898A-642707C7205E}
		{950D273C-4B82-4B7C-8D0F-78941FB19591} = {668B70E6-732E-4635-898A-642707C7205E}
		{B6317961-8FED-4721-8880-A778D7827504} = {668B70E6-732E-4635-898A-642707C7205E}
		{C01B348F-E1D4-4C35-B7C5-C8E647EEEAB0} = {6A0FA653-7530-4CA0-B698-AC52BE8A4DC2}
		{C734B086-61C8-4E32-AD09-401117ECAFB3} = {6A0FA653-7530-4CA0-B698-AC52BE8A4DC2}
		{91A55765-0CDD-424D-8E83-A3F1E9BFEB1F} = {950D273C-4B82-4B7C-8D0F-78941FB19591}
		{8773B5F4-66CE-4093-B89C-98F85FCC8592} = {B6317961-8FED-4721-8880-A778D7827504}
		{04752595-4ED4-41D4-8F0C-D093DB366C44} = {2C03C0DB-F44B-4AA2-AD09-B11880F71D88}
		{36097BC4-DE35-4AC0-AEAE-239438B0C8C0} = {2C03C0DB-F44B-4AA2-AD09-B11880F71D88}
		{B1CB7A91-6CD8-4A33-A604-F6A8049E6ADE} = {2C03C0DB-F44B-4AA2-AD09-B11880F71D88}
		{E1F3DA6B-4295-4EE2-A720-0BE9900D85CC} = {2C03C0DB-F44B-4AA2-AD09-B11880F71D88}
		{00B39CE8-2A14-4284-8BD5-B9C89F3BD6CF} = {04752595-4ED4-41D4-8F0C-D093DB366C44}
		{44EC9E65-FFD2-4C1E-8DAD-1BAC4551DA43} = {36097BC4-DE35-4AC0-AEAE-239438B0C8C0}
		{6CE94E54-A342-40FC-8F5F-382449F80C70} = {36097BC4-DE35-4AC0-AEAE-239438B0C8C0}
		{86792682-05BB-4A20-9045-71EAC2CDD011} = {B1CB7A91-6CD8-4A33-A604-F6A8049E6ADE}
		{30DE97DE-6BE7-469C-A386-8CDD6888F946} = {E1F3DA6B-4295-4EE2-A720-0BE9900D85CC}
	EndGlobalSection
	GlobalSection(ExtensibilityGlobals) = postSolution
		SolutionGuid = {4152CB7B-207F-436F-8DD3-9F246E9EB2FC}
	EndGlobalSection
EndGlobal
